{
  "name": "LLM-Linguistic-Convergence",
  "lockfileVersion": 3,
  "requires": true,
  "packages": {
    "": {
      "dependencies": {
        "hedges": "^2.0.1"
      }
    },
    "node_modules/hedges": {
      "version": "2.0.1",
      "resolved": "https://registry.npmjs.org/hedges/-/hedges-2.0.1.tgz",
      "integrity": "sha512-/TJb3QUphoIM/Vh2FcxR8GckKVzDRz816b5Afim5nQmZMizY6/n8/Q+8NI9XHrNgTFqDUsL6iyNk1008bGwS/g==",
      "license": "MIT",
      "funding": {
        "type": "github",
        "url": "https://github.com/sponsors/wooorm"
      }
    }
  }
}
